// !$*UTF8*$!
{
	archiveVersion = 1;
	classes = {
	};
	objectVersion = 56;
	objects = {

/* Begin PBXBuildFile section */
		041556CD2994FB8800C1FE26 /* CreateProducts.swift in Sources */ = {isa = PBXBuildFile; fileRef = 041556CC2994FB8800C1FE26 /* CreateProducts.swift */; };
		041556D02994FF2B00C1FE26 /* CreateCollectionViewCell.swift in Sources */ = {isa = PBXBuildFile; fileRef = 041556CE2994FF2B00C1FE26 /* CreateCollectionViewCell.swift */; };
		041556D12994FF2B00C1FE26 /* CreateCollectionViewCell.xib in Resources */ = {isa = PBXBuildFile; fileRef = 041556CF2994FF2B00C1FE26 /* CreateCollectionViewCell.xib */; };
		041556D32995006100C1FE26 /* NetworkLayer.swift in Sources */ = {isa = PBXBuildFile; fileRef = 041556D22995006100C1FE26 /* NetworkLayer.swift */; };
		043957A529911638008B1D44 /* SecondViewController.swift in Sources */ = {isa = PBXBuildFile; fileRef = 043957A429911638008B1D44 /* SecondViewController.swift */; };
		043957A729911673008B1D44 /* ProductInfo.swift in Sources */ = {isa = PBXBuildFile; fileRef = 043957A629911673008B1D44 /* ProductInfo.swift */; };
		043D7B5E29926D8A00B7E2DA /* Protocols.swift in Sources */ = {isa = PBXBuildFile; fileRef = 043D7B5D29926D8A00B7E2DA /* Protocols.swift */; };
		045EB1E12990FC0800E3F70A /* ProductTableViewCell.xib in Resources */ = {isa = PBXBuildFile; fileRef = 045EB1E02990FC0800E3F70A /* ProductTableViewCell.xib */; };
		045EB1E32990FC1F00E3F70A /* CategoryCollectionViewCell.xib in Resources */ = {isa = PBXBuildFile; fileRef = 045EB1E22990FC1F00E3F70A /* CategoryCollectionViewCell.xib */; };
		045EB1E52990FC6100E3F70A /* OrderTypeCollectionViewCell.xib in Resources */ = {isa = PBXBuildFile; fileRef = 045EB1E42990FC6100E3F70A /* OrderTypeCollectionViewCell.xib */; };
		045EB1E72990FC8000E3F70A /* ProductTableViewCell.swift in Sources */ = {isa = PBXBuildFile; fileRef = 045EB1E62990FC8000E3F70A /* ProductTableViewCell.swift */; };
		045EB1E92990FCA100E3F70A /* OrderTypeCollectonViewCell.swift in Sources */ = {isa = PBXBuildFile; fileRef = 045EB1E82990FCA100E3F70A /* OrderTypeCollectonViewCell.swift */; };
		045EB1EB2990FCCA00E3F70A /* CategoryCollectionViewCell.swift in Sources */ = {isa = PBXBuildFile; fileRef = 045EB1EA2990FCCA00E3F70A /* CategoryCollectionViewCell.swift */; };
		04B2B8222990FB75002F2DDD /* AppDelegate.swift in Sources */ = {isa = PBXBuildFile; fileRef = 04B2B8212990FB75002F2DDD /* AppDelegate.swift */; };
		04B2B8242990FB75002F2DDD /* SceneDelegate.swift in Sources */ = {isa = PBXBuildFile; fileRef = 04B2B8232990FB75002F2DDD /* SceneDelegate.swift */; };
		04B2B8262990FB75002F2DDD /* ViewController.swift in Sources */ = {isa = PBXBuildFile; fileRef = 04B2B8252990FB75002F2DDD /* ViewController.swift */; };
		04B2B8292990FB75002F2DDD /* Main.storyboard in Resources */ = {isa = PBXBuildFile; fileRef = 04B2B8272990FB75002F2DDD /* Main.storyboard */; };
		04B2B82B2990FB76002F2DDD /* Assets.xcassets in Resources */ = {isa = PBXBuildFile; fileRef = 04B2B82A2990FB76002F2DDD /* Assets.xcassets */; };
		04B2B82E2990FB76002F2DDD /* LaunchScreen.storyboard in Resources */ = {isa = PBXBuildFile; fileRef = 04B2B82C2990FB76002F2DDD /* LaunchScreen.storyboard */; };
		04B2B8392990FB76002F2DDD /* hw4Month4Tests.swift in Sources */ = {isa = PBXBuildFile; fileRef = 04B2B8382990FB76002F2DDD /* hw4Month4Tests.swift */; };
		04B2B8432990FB77002F2DDD /* hw4Month4UITests.swift in Sources */ = {isa = PBXBuildFile; fileRef = 04B2B8422990FB77002F2DDD /* hw4Month4UITests.swift */; };
		04B2B8452990FB77002F2DDD /* hw4Month4UITestsLaunchTests.swift in Sources */ = {isa = PBXBuildFile; fileRef = 04B2B8442990FB77002F2DDD /* hw4Month4UITestsLaunchTests.swift */; };
/* End PBXBuildFile section */

/* Begin PBXContainerItemProxy section */
		04B2B8352990FB76002F2DDD /* PBXContainerItemProxy */ = {
			isa = PBXContainerItemProxy;
			containerPortal = 04B2B8162990FB75002F2DDD /* Project object */;
			proxyType = 1;
			remoteGlobalIDString = 04B2B81D2990FB75002F2DDD;
			remoteInfo = hw4Month4;
		};
		04B2B83F2990FB77002F2DDD /* PBXContainerItemProxy */ = {
			isa = PBXContainerItemProxy;
			containerPortal = 04B2B8162990FB75002F2DDD /* Project object */;
			proxyType = 1;
			remoteGlobalIDString = 04B2B81D2990FB75002F2DDD;
			remoteInfo = hw4Month4;
		};
/* End PBXContainerItemProxy section */

/* Begin PBXFileReference section */
		041556CC2994FB8800C1FE26 /* CreateProducts.swift */ = {isa = PBXFileReference; lastKnownFileType = sourcecode.swift; path = CreateProducts.swift; sourceTree = "<group>"; };
		041556CE2994FF2B00C1FE26 /* CreateCollectionViewCell.swift */ = {isa = PBXFileReference; lastKnownFileType = sourcecode.swift; path = CreateCollectionViewCell.swift; sourceTree = "<group>"; };
		041556CF2994FF2B00C1FE26 /* CreateCollectionViewCell.xib */ = {isa = PBXFileReference; lastKnownFileType = file.xib; path = CreateCollectionViewCell.xib; sourceTree = "<group>"; };
		041556D22995006100C1FE26 /* NetworkLayer.swift */ = {isa = PBXFileReference; lastKnownFileType = sourcecode.swift; path = NetworkLayer.swift; sourceTree = "<group>"; };
		043957A429911638008B1D44 /* SecondViewController.swift */ = {isa = PBXFileReference; lastKnownFileType = sourcecode.swift; path = SecondViewController.swift; sourceTree = "<group>"; };
		043957A629911673008B1D44 /* ProductInfo.swift */ = {isa = PBXFileReference; lastKnownFileType = sourcecode.swift; path = ProductInfo.swift; sourceTree = "<group>"; };
		043D7B5D29926D8A00B7E2DA /* Protocols.swift */ = {isa = PBXFileReference; lastKnownFileType = sourcecode.swift; path = Protocols.swift; sourceTree = "<group>"; };
		045EB1E02990FC0800E3F70A /* ProductTableViewCell.xib */ = {isa = PBXFileReference; lastKnownFileType = file.xib; path = ProductTableViewCell.xib; sourceTree = "<group>"; };
		045EB1E22990FC1F00E3F70A /* CategoryCollectionViewCell.xib */ = {isa = PBXFileReference; lastKnownFileType = file.xib; path = CategoryCollectionViewCell.xib; sourceTree = "<group>"; };
		045EB1E42990FC6100E3F70A /* OrderTypeCollectionViewCell.xib */ = {isa = PBXFileReference; lastKnownFileType = file.xib; path = OrderTypeCollectionViewCell.xib; sourceTree = "<group>"; };
		045EB1E62990FC8000E3F70A /* ProductTableViewCell.swift */ = {isa = PBXFileReference; lastKnownFileType = sourcecode.swift; path = ProductTableViewCell.swift; sourceTree = "<group>"; };
		045EB1E82990FCA100E3F70A /* OrderTypeCollectonViewCell.swift */ = {isa = PBXFileReference; lastKnownFileType = sourcecode.swift; path = OrderTypeCollectonViewCell.swift; sourceTree = "<group>"; };
		045EB1EA2990FCCA00E3F70A /* CategoryCollectionViewCell.swift */ = {isa = PBXFileReference; lastKnownFileType = sourcecode.swift; path = CategoryCollectionViewCell.swift; sourceTree = "<group>"; };
		04B2B81E2990FB75002F2DDD /* hw4Month4.app */ = {isa = PBXFileReference; explicitFileType = wrapper.application; includeInIndex = 0; path = hw4Month4.app; sourceTree = BUILT_PRODUCTS_DIR; };
		04B2B8212990FB75002F2DDD /* AppDelegate.swift */ = {isa = PBXFileReference; lastKnownFileType = sourcecode.swift; path = AppDelegate.swift; sourceTree = "<group>"; };
		04B2B8232990FB75002F2DDD /* SceneDelegate.swift */ = {isa = PBXFileReference; lastKnownFileType = sourcecode.swift; path = SceneDelegate.swift; sourceTree = "<group>"; };
		04B2B8252990FB75002F2DDD /* ViewController.swift */ = {isa = PBXFileReference; lastKnownFileType = sourcecode.swift; path = ViewController.swift; sourceTree = "<group>"; };
		04B2B8282990FB75002F2DDD /* Base */ = {isa = PBXFileReference; lastKnownFileType = file.storyboard; name = Base; path = Base.lproj/Main.storyboard; sourceTree = "<group>"; };
		04B2B82A2990FB76002F2DDD /* Assets.xcassets */ = {isa = PBXFileReference; lastKnownFileType = folder.assetcatalog; path = Assets.xcassets; sourceTree = "<group>"; };
		04B2B82D2990FB76002F2DDD /* Base */ = {isa = PBXFileReference; lastKnownFileType = file.storyboard; name = Base; path = Base.lproj/LaunchScreen.storyboard; sourceTree = "<group>"; };
		04B2B82F2990FB76002F2DDD /* Info.plist */ = {isa = PBXFileReference; lastKnownFileType = text.plist.xml; path = Info.plist; sourceTree = "<group>"; };
		04B2B8342990FB76002F2DDD /* hw4Month4Tests.xctest */ = {isa = PBXFileReference; explicitFileType = wrapper.cfbundle; includeInIndex = 0; path = hw4Month4Tests.xctest; sourceTree = BUILT_PRODUCTS_DIR; };
		04B2B8382990FB76002F2DDD /* hw4Month4Tests.swift */ = {isa = PBXFileReference; lastKnownFileType = sourcecode.swift; path = hw4Month4Tests.swift; sourceTree = "<group>"; };
		04B2B83E2990FB76002F2DDD /* hw4Month4UITests.xctest */ = {isa = PBXFileReference; explicitFileType = wrapper.cfbundle; includeInIndex = 0; path = hw4Month4UITests.xctest; sourceTree = BUILT_PRODUCTS_DIR; };
		04B2B8422990FB77002F2DDD /* hw4Month4UITests.swift */ = {isa = PBXFileReference; lastKnownFileType = sourcecode.swift; path = hw4Month4UITests.swift; sourceTree = "<group>"; };
		04B2B8442990FB77002F2DDD /* hw4Month4UITestsLaunchTests.swift */ = {isa = PBXFileReference; lastKnownFileType = sourcecode.swift; path = hw4Month4UITestsLaunchTests.swift; sourceTree = "<group>"; };
/* End PBXFileReference section */

/* Begin PBXFrameworksBuildPhase section */
		04B2B81B2990FB75002F2DDD /* Frameworks */ = {
			isa = PBXFrameworksBuildPhase;
			buildActionMask = 2147483647;
			files = (
			);
			runOnlyForDeploymentPostprocessing = 0;
		};
		04B2B8312990FB76002F2DDD /* Frameworks */ = {
			isa = PBXFrameworksBuildPhase;
			buildActionMask = 2147483647;
			files = (
			);
			runOnlyForDeploymentPostprocessing = 0;
		};
		04B2B83B2990FB76002F2DDD /* Frameworks */ = {
			isa = PBXFrameworksBuildPhase;
			buildActionMask = 2147483647;
			files = (
			);
			runOnlyForDeploymentPostprocessing = 0;
		};
/* End PBXFrameworksBuildPhase section */

/* Begin PBXGroup section */
		043D7B5F29926F8E00B7E2DA /* Resourses */ = {
			isa = PBXGroup;
			children = (
				04B2B82A2990FB76002F2DDD /* Assets.xcassets */,
				04B2B82C2990FB76002F2DDD /* LaunchScreen.storyboard */,
				04B2B82F2990FB76002F2DDD /* Info.plist */,
			);
			path = Resourses;
			sourceTree = "<group>";
		};
		043D7B6129926FC900B7E2DA /* App */ = {
			isa = PBXGroup;
			children = (
				04B2B8212990FB75002F2DDD /* AppDelegate.swift */,
				04B2B8232990FB75002F2DDD /* SceneDelegate.swift */,
			);
			path = App;
			sourceTree = "<group>";
		};
		04B2B8152990FB75002F2DDD = {
			isa = PBXGroup;
			children = (
				04B2B8202990FB75002F2DDD /* hw4Month4 */,
				04B2B8372990FB76002F2DDD /* hw4Month4Tests */,
				04B2B8412990FB77002F2DDD /* hw4Month4UITests */,
				04B2B81F2990FB75002F2DDD /* Products */,
			);
			sourceTree = "<group>";
		};
		04B2B81F2990FB75002F2DDD /* Products */ = {
			isa = PBXGroup;
			children = (
				04B2B81E2990FB75002F2DDD /* hw4Month4.app */,
				04B2B8342990FB76002F2DDD /* hw4Month4Tests.xctest */,
				04B2B83E2990FB76002F2DDD /* hw4Month4UITests.xctest */,
			);
			name = Products;
			sourceTree = "<group>";
		};
		04B2B8202990FB75002F2DDD /* hw4Month4 */ = {
			isa = PBXGroup;
			children = (
				043D7B6129926FC900B7E2DA /* App */,
				04B2B8532990FB94002F2DDD /* Controllers */,
				04B2B8522990FB8B002F2DDD /* Views */,
				04B2B8512990FB84002F2DDD /* Models */,
				043D7B5F29926F8E00B7E2DA /* Resourses */,
			);
			path = hw4Month4;
			sourceTree = "<group>";
		};
		04B2B8372990FB76002F2DDD /* hw4Month4Tests */ = {
			isa = PBXGroup;
			children = (
				04B2B8382990FB76002F2DDD /* hw4Month4Tests.swift */,
			);
			path = hw4Month4Tests;
			sourceTree = "<group>";
		};
		04B2B8412990FB77002F2DDD /* hw4Month4UITests */ = {
			isa = PBXGroup;
			children = (
				04B2B8422990FB77002F2DDD /* hw4Month4UITests.swift */,
				04B2B8442990FB77002F2DDD /* hw4Month4UITestsLaunchTests.swift */,
			);
			path = hw4Month4UITests;
			sourceTree = "<group>";
		};
		04B2B8512990FB84002F2DDD /* Models */ = {
			isa = PBXGroup;
			children = (
				043D7B5D29926D8A00B7E2DA /* Protocols.swift */,
				041556CC2994FB8800C1FE26 /* CreateProducts.swift */,
				041556D22995006100C1FE26 /* NetworkLayer.swift */,
				043957A629911673008B1D44 /* ProductInfo.swift */,
			);
			path = Models;
			sourceTree = "<group>";
		};
		04B2B8522990FB8B002F2DDD /* Views */ = {
			isa = PBXGroup;
			children = (
				04B2B8272990FB75002F2DDD /* Main.storyboard */,
				045EB1E42990FC6100E3F70A /* OrderTypeCollectionViewCell.xib */,
				045EB1E22990FC1F00E3F70A /* CategoryCollectionViewCell.xib */,
				045EB1E02990FC0800E3F70A /* ProductTableViewCell.xib */,
				041556CF2994FF2B00C1FE26 /* CreateCollectionViewCell.xib */,
				045EB1E62990FC8000E3F70A /* ProductTableViewCell.swift */,
				045EB1EA2990FCCA00E3F70A /* CategoryCollectionViewCell.swift */,
				045EB1E82990FCA100E3F70A /* OrderTypeCollectonViewCell.swift */,
				041556CE2994FF2B00C1FE26 /* CreateCollectionViewCell.swift */,
			);
			path = Views;
			sourceTree = "<group>";
		};
		04B2B8532990FB94002F2DDD /* Controllers */ = {
			isa = PBXGroup;
			children = (
				043957A429911638008B1D44 /* SecondViewController.swift */,
				04B2B8252990FB75002F2DDD /* ViewController.swift */,
			);
			path = Controllers;
			sourceTree = "<group>";
		};
/* End PBXGroup section */

/* Begin PBXNativeTarget section */
		04B2B81D2990FB75002F2DDD /* hw4Month4 */ = {
			isa = PBXNativeTarget;
			buildConfigurationList = 04B2B8482990FB77002F2DDD /* Build configuration list for PBXNativeTarget "hw4Month4" */;
			buildPhases = (
				04B2B81A2990FB75002F2DDD /* Sources */,
				04B2B81B2990FB75002F2DDD /* Frameworks */,
				04B2B81C2990FB75002F2DDD /* Resources */,
			);
			buildRules = (
			);
			dependencies = (
			);
			name = hw4Month4;
			productName = hw4Month4;
			productReference = 04B2B81E2990FB75002F2DDD /* hw4Month4.app */;
			productType = "com.apple.product-type.application";
		};
		04B2B8332990FB76002F2DDD /* hw4Month4Tests */ = {
			isa = PBXNativeTarget;
			buildConfigurationList = 04B2B84B2990FB77002F2DDD /* Build configuration list for PBXNativeTarget "hw4Month4Tests" */;
			buildPhases = (
				04B2B8302990FB76002F2DDD /* Sources */,
				04B2B8312990FB76002F2DDD /* Frameworks */,
				04B2B8322990FB76002F2DDD /* Resources */,
			);
			buildRules = (
			);
			dependencies = (
				04B2B8362990FB76002F2DDD /* PBXTargetDependency */,
			);
			name = hw4Month4Tests;
			productName = hw4Month4Tests;
			productReference = 04B2B8342990FB76002F2DDD /* hw4Month4Tests.xctest */;
			productType = "com.apple.product-type.bundle.unit-test";
		};
		04B2B83D2990FB76002F2DDD /* hw4Month4UITests */ = {
			isa = PBXNativeTarget;
			buildConfigurationList = 04B2B84E2990FB77002F2DDD /* Build configuration list for PBXNativeTarget "hw4Month4UITests" */;
			buildPhases = (
				04B2B83A2990FB76002F2DDD /* Sources */,
				04B2B83B2990FB76002F2DDD /* Frameworks */,
				04B2B83C2990FB76002F2DDD /* Resources */,
			);
			buildRules = (
			);
			dependencies = (
				04B2B8402990FB77002F2DDD /* PBXTargetDependency */,
			);
			name = hw4Month4UITests;
			productName = hw4Month4UITests;
			productReference = 04B2B83E2990FB76002F2DDD /* hw4Month4UITests.xctest */;
			productType = "com.apple.product-type.bundle.ui-testing";
		};
/* End PBXNativeTarget section */

/* Begin PBXProject section */
		04B2B8162990FB75002F2DDD /* Project object */ = {
			isa = PBXProject;
			attributes = {
				BuildIndependentTargetsInParallel = 1;
				LastSwiftUpdateCheck = 1400;
				LastUpgradeCheck = 1400;
				TargetAttributes = {
					04B2B81D2990FB75002F2DDD = {
						CreatedOnToolsVersion = 14.0.1;
					};
					04B2B8332990FB76002F2DDD = {
						CreatedOnToolsVersion = 14.0.1;
						TestTargetID = 04B2B81D2990FB75002F2DDD;
					};
					04B2B83D2990FB76002F2DDD = {
						CreatedOnToolsVersion = 14.0.1;
						TestTargetID = 04B2B81D2990FB75002F2DDD;
					};
				};
			};
			buildConfigurationList = 04B2B8192990FB75002F2DDD /* Build configuration list for PBXProject "hw4Month4" */;
			compatibilityVersion = "Xcode 14.0";
			developmentRegion = en;
			hasScannedForEncodings = 0;
			knownRegions = (
				en,
				Base,
			);
			mainGroup = 04B2B8152990FB75002F2DDD;
			productRefGroup = 04B2B81F2990FB75002F2DDD /* Products */;
			projectDirPath = "";
			projectRoot = "";
			targets = (
				04B2B81D2990FB75002F2DDD /* hw4Month4 */,
				04B2B8332990FB76002F2DDD /* hw4Month4Tests */,
				04B2B83D2990FB76002F2DDD /* hw4Month4UITests */,
			);
		};
/* End PBXProject section */

/* Begin PBXResourcesBuildPhase section */
		04B2B81C2990FB75002F2DDD /* Resources */ = {
			isa = PBXResourcesBuildPhase;
			buildActionMask = 2147483647;
			files = (
				04B2B82E2990FB76002F2DDD /* LaunchScreen.storyboard in Resources */,
				041556D12994FF2B00C1FE26 /* CreateCollectionViewCell.xib in Resources */,
				045EB1E52990FC6100E3F70A /* OrderTypeCollectionViewCell.xib in Resources */,
				045EB1E32990FC1F00E3F70A /* CategoryCollectionViewCell.xib in Resources */,
				045EB1E12990FC0800E3F70A /* ProductTableViewCell.xib in Resources */,
				04B2B82B2990FB76002F2DDD /* Assets.xcassets in Resources */,
				04B2B8292990FB75002F2DDD /* Main.storyboard in Resources */,
			);
			runOnlyForDeploymentPostprocessing = 0;
		};
		04B2B8322990FB76002F2DDD /* Resources */ = {
			isa = PBXResourcesBuildPhase;
			buildActionMask = 2147483647;
			files = (
			);
			runOnlyForDeploymentPostprocessing = 0;
		};
		04B2B83C2990FB76002F2DDD /* Resources */ = {
			isa = PBXResourcesBuildPhase;
			buildActionMask = 2147483647;
			files = (
			);
			runOnlyForDeploymentPostprocessing = 0;
		};
/* End PBXResourcesBuildPhase section */

/* Begin PBXSourcesBuildPhase section */
		04B2B81A2990FB75002F2DDD /* Sources */ = {
			isa = PBXSourcesBuildPhase;
			buildActionMask = 2147483647;
			files = (
				04B2B8262990FB75002F2DDD /* ViewController.swift in Sources */,
				041556D32995006100C1FE26 /* NetworkLayer.swift in Sources */,
				043957A729911673008B1D44 /* ProductInfo.swift in Sources */,
				045EB1E72990FC8000E3F70A /* ProductTableViewCell.swift in Sources */,
				04B2B8222990FB75002F2DDD /* AppDelegate.swift in Sources */,
				045EB1E92990FCA100E3F70A /* OrderTypeCollectonViewCell.swift in Sources */,
				043957A529911638008B1D44 /* SecondViewController.swift in Sources */,
				045EB1EB2990FCCA00E3F70A /* CategoryCollectionViewCell.swift in Sources */,
				043D7B5E29926D8A00B7E2DA /* Protocols.swift in Sources */,
				041556CD2994FB8800C1FE26 /* CreateProducts.swift in Sources */,
				041556D02994FF2B00C1FE26 /* CreateCollectionViewCell.swift in Sources */,
				04B2B8242990FB75002F2DDD /* SceneDelegate.swift in Sources */,
			);
			runOnlyForDeploymentPostprocessing = 0;
		};
		04B2B8302990FB76002F2DDD /* Sources */ = {
			isa = PBXSourcesBuildPhase;
			buildActionMask = 2147483647;
			files = (
				04B2B8392990FB76002F2DDD /* hw4Month4Tests.swift in Sources */,
			);
			runOnlyForDeploymentPostprocessing = 0;
		};
		04B2B83A2990FB76002F2DDD /* Sources */ = {
			isa = PBXSourcesBuildPhase;
			buildActionMask = 2147483647;
			files = (
				04B2B8452990FB77002F2DDD /* hw4Month4UITestsLaunchTests.swift in Sources */,
				04B2B8432990FB77002F2DDD /* hw4Month4UITests.swift in Sources */,
			);
			runOnlyForDeploymentPostprocessing = 0;
		};
/* End PBXSourcesBuildPhase section */

/* Begin PBXTargetDependency section */
		04B2B8362990FB76002F2DDD /* PBXTargetDependency */ = {
			isa = PBXTargetDependency;
			target = 04B2B81D2990FB75002F2DDD /* hw4Month4 */;
			targetProxy = 04B2B8352990FB76002F2DDD /* PBXContainerItemProxy */;
		};
		04B2B8402990FB77002F2DDD /* PBXTargetDependency */ = {
			isa = PBXTargetDependency;
			target = 04B2B81D2990FB75002F2DDD /* hw4Month4 */;
			targetProxy = 04B2B83F2990FB77002F2DDD /* PBXContainerItemProxy */;
		};
/* End PBXTargetDependency section */

/* Begin PBXVariantGroup section */
		04B2B8272990FB75002F2DDD /* Main.storyboard */ = {
			isa = PBXVariantGroup;
			children = (
				04B2B8282990FB75002F2DDD /* Base */,
			);
			name = Main.storyboard;
			sourceTree = "<group>";
		};
		04B2B82C2990FB76002F2DDD /* LaunchScreen.storyboard */ = {
			isa = PBXVariantGroup;
			children = (
				04B2B82D2990FB76002F2DDD /* Base */,
			);
			name = LaunchScreen.storyboard;
			sourceTree = "<group>";
		};
/* End PBXVariantGroup section */

/* Begin XCBuildConfiguration section */
		04B2B8462990FB77002F2DDD /* Debug */ = {
			isa = XCBuildConfiguration;
			buildSettings = {
				ALWAYS_SEARCH_USER_PATHS = NO;
				CLANG_ANALYZER_NONNULL = YES;
				CLANG_ANALYZER_NUMBER_OBJECT_CONVERSION = YES_AGGRESSIVE;
				CLANG_CXX_LANGUAGE_STANDARD = "gnu++20";
				CLANG_ENABLE_MODULES = YES;
				CLANG_ENABLE_OBJC_ARC = YES;
				CLANG_ENABLE_OBJC_WEAK = YES;
				CLANG_WARN_BLOCK_CAPTURE_AUTORELEASING = YES;
				CLANG_WARN_BOOL_CONVERSION = YES;
				CLANG_WARN_COMMA = YES;
				CLANG_WARN_CONSTANT_CONVERSION = YES;
				CLANG_WARN_DEPRECATED_OBJC_IMPLEMENTATIONS = YES;
				CLANG_WARN_DIRECT_OBJC_ISA_USAGE = YES_ERROR;
				CLANG_WARN_DOCUMENTATION_COMMENTS = YES;
				CLANG_WARN_EMPTY_BODY = YES;
				CLANG_WARN_ENUM_CONVERSION = YES;
				CLANG_WARN_INFINITE_RECURSION = YES;
				CLANG_WARN_INT_CONVERSION = YES;
				CLANG_WARN_NON_LITERAL_NULL_CONVERSION = YES;
				CLANG_WARN_OBJC_IMPLICIT_RETAIN_SELF = YES;
				CLANG_WARN_OBJC_LITERAL_CONVERSION = YES;
				CLANG_WARN_OBJC_ROOT_CLASS = YES_ERROR;
				CLANG_WARN_QUOTED_INCLUDE_IN_FRAMEWORK_HEADER = YES;
				CLANG_WARN_RANGE_LOOP_ANALYSIS = YES;
				CLANG_WARN_STRICT_PROTOTYPES = YES;
				CLANG_WARN_SUSPICIOUS_MOVE = YES;
				CLANG_WARN_UNGUARDED_AVAILABILITY = YES_AGGRESSIVE;
				CLANG_WARN_UNREACHABLE_CODE = YES;
				CLANG_WARN__DUPLICATE_METHOD_MATCH = YES;
				COPY_PHASE_STRIP = NO;
				DEBUG_INFORMATION_FORMAT = dwarf;
				ENABLE_STRICT_OBJC_MSGSEND = YES;
				ENABLE_TESTABILITY = YES;
				GCC_C_LANGUAGE_STANDARD = gnu11;
				GCC_DYNAMIC_NO_PIC = NO;
				GCC_NO_COMMON_BLOCKS = YES;
				GCC_OPTIMIZATION_LEVEL = 0;
				GCC_PREPROCESSOR_DEFINITIONS = (
					"DEBUG=1",
					"$(inherited)",
				);
				GCC_WARN_64_TO_32_BIT_CONVERSION = YES;
				GCC_WARN_ABOUT_RETURN_TYPE = YES_ERROR;
				GCC_WARN_UNDECLARED_SELECTOR = YES;
				GCC_WARN_UNINITIALIZED_AUTOS = YES_AGGRESSIVE;
				GCC_WARN_UNUSED_FUNCTION = YES;
				GCC_WARN_UNUSED_VARIABLE = YES;
				IPHONEOS_DEPLOYMENT_TARGET = 16.0;
				MTL_ENABLE_DEBUG_INFO = INCLUDE_SOURCE;
				MTL_FAST_MATH = YES;
				ONLY_ACTIVE_ARCH = YES;
				SDKROOT = iphoneos;
				SWIFT_ACTIVE_COMPILATION_CONDITIONS = DEBUG;
				SWIFT_OPTIMIZATION_LEVEL = "-Onone";
			};
			name = Debug;
		};
		04B2B8472990FB77002F2DDD /* Release */ = {
			isa = XCBuildConfiguration;
			buildSettings = {
				ALWAYS_SEARCH_USER_PATHS = NO;
				CLANG_ANALYZER_NONNULL = YES;
				CLANG_ANALYZER_NUMBER_OBJECT_CONVERSION = YES_AGGRESSIVE;
				CLANG_CXX_LANGUAGE_STANDARD = "gnu++20";
				CLANG_ENABLE_MODULES = YES;
				CLANG_ENABLE_OBJC_ARC = YES;
				CLANG_ENABLE_OBJC_WEAK = YES;
				CLANG_WARN_BLOCK_CAPTURE_AUTORELEASING = YES;
				CLANG_WARN_BOOL_CONVERSION = YES;
				CLANG_WARN_COMMA = YES;
				CLANG_WARN_CONSTANT_CONVERSION = YES;
				CLANG_WARN_DEPRECATED_OBJC_IMPLEMENTATIONS = YES;
				CLANG_WARN_DIRECT_OBJC_ISA_USAGE = YES_ERROR;
				CLANG_WARN_DOCUMENTATION_COMMENTS = YES;
				CLANG_WARN_EMPTY_BODY = YES;
				CLANG_WARN_ENUM_CONVERSION = YES;
				CLANG_WARN_INFINITE_RECURSION = YES;
				CLANG_WARN_INT_CONVERSION = YES;
				CLANG_WARN_NON_LITERAL_NULL_CONVERSION = YES;
				CLANG_WARN_OBJC_IMPLICIT_RETAIN_SELF = YES;
				CLANG_WARN_OBJC_LITERAL_CONVERSION = YES;
				CLANG_WARN_OBJC_ROOT_CLASS = YES_ERROR;
				CLANG_WARN_QUOTED_INCLUDE_IN_FRAMEWORK_HEADER = YES;
				CLANG_WARN_RANGE_LOOP_ANALYSIS = YES;
				CLANG_WARN_STRICT_PROTOTYPES = YES;
				CLANG_WARN_SUSPICIOUS_MOVE = YES;
				CLANG_WARN_UNGUARDED_AVAILABILITY = YES_AGGRESSIVE;
				CLANG_WARN_UNREACHABLE_CODE = YES;
				CLANG_WARN__DUPLICATE_METHOD_MATCH = YES;
				COPY_PHASE_STRIP = NO;
				DEBUG_INFORMATION_FORMAT = "dwarf-with-dsym";
				ENABLE_NS_ASSERTIONS = NO;
				ENABLE_STRICT_OBJC_MSGSEND = YES;
				GCC_C_LANGUAGE_STANDARD = gnu11;
				GCC_NO_COMMON_BLOCKS = YES;
				GCC_WARN_64_TO_32_BIT_CONVERSION = YES;
				GCC_WARN_ABOUT_RETURN_TYPE = YES_ERROR;
				GCC_WARN_UNDECLARED_SELECTOR = YES;
				GCC_WARN_UNINITIALIZED_AUTOS = YES_AGGRESSIVE;
				GCC_WARN_UNUSED_FUNCTION = YES;
				GCC_WARN_UNUSED_VARIABLE = YES;
				IPHONEOS_DEPLOYMENT_TARGET = 16.0;
				MTL_ENABLE_DEBUG_INFO = NO;
				MTL_FAST_MATH = YES;
				SDKROOT = iphoneos;
				SWIFT_COMPILATION_MODE = wholemodule;
				SWIFT_OPTIMIZATION_LEVEL = "-O";
				VALIDATE_PRODUCT = YES;
			};
			name = Release;
		};
		04B2B8492990FB77002F2DDD /* Debug */ = {
			isa = XCBuildConfiguration;
			buildSettings = {
				ASSETCATALOG_COMPILER_APPICON_NAME = AppIcon;
				ASSETCATALOG_COMPILER_GLOBAL_ACCENT_COLOR_NAME = AccentColor;
				CODE_SIGN_STYLE = Automatic;
				CURRENT_PROJECT_VERSION = 1;
				DEVELOPMENT_TEAM = XQ82BKJ7HD;
				GENERATE_INFOPLIST_FILE = YES;
				INFOPLIST_FILE = hw4Month4/Resourses/Info.plist;
				INFOPLIST_KEY_UIApplicationSupportsIndirectInputEvents = YES;
				INFOPLIST_KEY_UILaunchStoryboardName = LaunchScreen;
				INFOPLIST_KEY_UIMainStoryboardFile = Main;
				INFOPLIST_KEY_UISupportedInterfaceOrientations_iPad = "UIInterfaceOrientationPortrait UIInterfaceOrientationPortraitUpsideDown UIInterfaceOrientationLandscapeLeft UIInterfaceOrientationLandscapeRight";
				INFOPLIST_KEY_UISupportedInterfaceOrientations_iPhone = "UIInterfaceOrientationPortrait UIInterfaceOrientationLandscapeLeft UIInterfaceOrientationLandscapeRight";
				LD_RUNPATH_SEARCH_PATHS = (
					"$(inherited)",
					"@executable_path/Frameworks",
				);
				MARKETING_VERSION = 1.0;
				PRODUCT_BUNDLE_IDENTIFIER = "-23.hw4Month4";
				PRODUCT_NAME = "$(TARGET_NAME)";
				SWIFT_EMIT_LOC_STRINGS = YES;
				SWIFT_VERSION = 5.0;
				TARGETED_DEVICE_FAMILY = "1,2";
			};
			name = Debug;
		};
		04B2B84A2990FB77002F2DDD /* Release */ = {
			isa = XCBuildConfiguration;
			buildSettings = {
				ASSETCATALOG_COMPILER_APPICON_NAME = AppIcon;
				ASSETCATALOG_COMPILER_GLOBAL_ACCENT_COLOR_NAME = AccentColor;
				CODE_SIGN_STYLE = Automatic;
				CURRENT_PROJECT_VERSION = 1;
				DEVELOPMENT_TEAM = XQ82BKJ7HD;
				GENERATE_INFOPLIST_FILE = YES;
				INFOPLIST_FILE = hw4Month4/Resourses/Info.plist;
				INFOPLIST_KEY_UIApplicationSupportsIndirectInputEvents = YES;
				INFOPLIST_KEY_UILaunchStoryboardName = LaunchScreen;
				INFOPLIST_KEY_UIMainStoryboardFile = Main;
				INFOPLIST_KEY_UISupportedInterfaceOrientations_iPad = "UIInterfaceOrientationPortrait UIInterfaceOrientationPortraitUpsideDown UIInterfaceOrientationLandscapeLeft UIInterfaceOrientationLandscapeRight";
				INFOPLIST_KEY_UISupportedInterfaceOrientations_iPhone = "UIInterfaceOrientationPortrait UIInterfaceOrientationLandscapeLeft UIInterfaceOrientationLandscapeRight";
				LD_RUNPATH_SEARCH_PATHS = (
					"$(inherited)",
					"@executable_path/Frameworks",
				);
				MARKETING_VERSION = 1.0;
				PRODUCT_BUNDLE_IDENTIFIER = "-23.hw4Month4";
				PRODUCT_NAME = "$(TARGET_NAME)";
				SWIFT_EMIT_LOC_STRINGS = YES;
				SWIFT_VERSION = 5.0;
				TARGETED_DEVICE_FAMILY = "1,2";
			};
			name = Release;
		};
		04B2B84C2990FB77002F2DDD /* Debug */ = {
			isa = XCBuildConfiguration;
			buildSettings = {
				ALWAYS_EMBED_SWIFT_STANDARD_LIBRARIES = YES;
				BUNDLE_LOADER = "$(TEST_HOST)";
				CODE_SIGN_STYLE = Automatic;
				CURRENT_PROJECT_VERSION = 1;
				DEVELOPMENT_TEAM = XQ82BKJ7HD;
				GENERATE_INFOPLIST_FILE = YES;
				IPHONEOS_DEPLOYMENT_TARGET = 16.0;
				MARKETING_VERSION = 1.0;
				PRODUCT_BUNDLE_IDENTIFIER = "-23.hw4Month4Tests";
				PRODUCT_NAME = "$(TARGET_NAME)";
				SWIFT_EMIT_LOC_STRINGS = NO;
				SWIFT_VERSION = 5.0;
				TARGETED_DEVICE_FAMILY = "1,2";
				TEST_HOST = "$(BUILT_PRODUCTS_DIR)/hw4Month4.app/$(BUNDLE_EXECUTABLE_FOLDER_PATH)/hw4Month4";
			};
			name = Debug;
		};
		04B2B84D2990FB77002F2DDD /* Release */ = {
			isa = XCBuildConfiguration;
			buildSettings = {
				ALWAYS_EMBED_SWIFT_STANDARD_LIBRARIES = YES;
				BUNDLE_LOADER = "$(TEST_HOST)";
				CODE_SIGN_STYLE = Automatic;
				CURRENT_PROJECT_VERSION = 1;
				DEVELOPMENT_TEAM = XQ82BKJ7HD;
				GENERATE_INFOPLIST_FILE = YES;
				IPHONEOS_DEPLOYMENT_TARGET = 16.0;
				MARKETING_VERSION = 1.0;
				PRODUCT_BUNDLE_IDENTIFIER = "-23.hw4Month4Tests";
				PRODUCT_NAME = "$(TARGET_NAME)";
				SWIFT_EMIT_LOC_STRINGS = NO;
				SWIFT_VERSION = 5.0;
				TARGETED_DEVICE_FAMILY = "1,2";
				TEST_HOST = "$(BUILT_PRODUCTS_DIR)/hw4Month4.app/$(BUNDLE_EXECUTABLE_FOLDER_PATH)/hw4Month4";
			};
			name = Release;
		};
		04B2B84F2990FB77002F2DDD /* Debug */ = {
			isa = XCBuildConfiguration;
			buildSettings = {
				ALWAYS_EMBED_SWIFT_STANDARD_LIBRARIES = YES;
				CODE_SIGN_STYLE = Automatic;
				CURRENT_PROJECT_VERSION = 1;
				DEVELOPMENT_TEAM = XQ82BKJ7HD;
				GENERATE_INFOPLIST_FILE = YES;
				MARKETING_VERSION = 1.0;
				PRODUCT_BUNDLE_IDENTIFIER = "-23.hw4Month4UITests";
				PRODUCT_NAME = "$(TARGET_NAME)";
				SWIFT_EMIT_LOC_STRINGS = NO;
				SWIFT_VERSION = 5.0;
				TARGETED_DEVICE_FAMILY = "1,2";
				TEST_TARGET_NAME = hw4Month4;
			};
			name = Debug;
		};
		04B2B8502990FB77002F2DDD /* Release */ = {
			isa = XCBuildConfiguration;
			buildSettings = {
				ALWAYS_EMBED_SWIFT_STANDARD_LIBRARIES = YES;
				CODE_SIGN_STYLE = Automatic;
				CURRENT_PROJECT_VERSION = 1;
				DEVELOPMENT_TEAM = XQ82BKJ7HD;
				GENERATE_INFOPLIST_FILE = YES;
				MARKETING_VERSION = 1.0;
				PRODUCT_BUNDLE_IDENTIFIER = "-23.hw4Month4UITests";
				PRODUCT_NAME = "$(TARGET_NAME)";
				SWIFT_EMIT_LOC_STRINGS = NO;
				SWIFT_VERSION = 5.0;
				TARGETED_DEVICE_FAMILY = "1,2";
				TEST_TARGET_NAME = hw4Month4;
			};
			name = Release;
		};
/* End XCBuildConfiguration section */

/* Begin XCConfigurationList section */
		04B2B8192990FB75002F2DDD /* Build configuration list for PBXProject "hw4Month4" */ = {
			isa = XCConfigurationList;
			buildConfigurations = (
				04B2B8462990FB77002F2DDD /* Debug */,
				04B2B8472990FB77002F2DDD /* Release */,
			);
			defaultConfigurationIsVisible = 0;
			defaultConfigurationName = Release;
		};
		04B2B8482990FB77002F2DDD /* Build configuration list for PBXNativeTarget "hw4Month4" */ = {
			isa = XCConfigurationList;
			buildConfigurations = (
				04B2B8492990FB77002F2DDD /* Debug */,
				04B2B84A2990FB77002F2DDD /* Release */,
			);
			defaultConfigurationIsVisible = 0;
			defaultConfigurationName = Release;
		};
		04B2B84B2990FB77002F2DDD /* Build configuration list for PBXNativeTarget "hw4Month4Tests" */ = {
			isa = XCConfigurationList;
			buildConfigurations = (
				04B2B84C2990FB77002F2DDD /* Debug */,
				04B2B84D2990FB77002F2DDD /* Release */,
			);
			defaultConfigurationIsVisible = 0;
			defaultConfigurationName = Release;
		};
		04B2B84E2990FB77002F2DDD /* Build configuration list for PBXNativeTarget "hw4Month4UITests" */ = {
			isa = XCConfigurationList;
			buildConfigurations = (
				04B2B84F2990FB77002F2DDD /* Debug */,
				04B2B8502990FB77002F2DDD /* Release */,
			);
			defaultConfigurationIsVisible = 0;
			defaultConfigurationName = Release;
		};
/* End XCConfigurationList section */
	};
	rootObject = 04B2B8162990FB75002F2DDD /* Project object */;
}
